
Microsoft Visual Studio Solution File, Format Version 12.00
# Visual Studio Version 17
VisualStudioVersion = 17.6.33829.357
MinimumVisualStudioVersion = 10.0.40219.1
Project("{FAE04EC0-301F-11D3-BF4B-00C04F79EFBC}") = "Asp.net MVC app CRUD", "Asp.net MVC app CRUD\Asp.net MVC app CRUD.csproj", "{79BF2100-15CC-4FD4-A3E7-441420C9D494}"
EndProject
Global
	GlobalSection(SolutionConfigurationPlatforms) = preSolution
		Debug|Any CPU = Debug|Any CPU
		Release|Any CPU = Release|Any CPU
	EndGlobalSection
	GlobalSection(ProjectConfigurationPlatforms) = postSolution
		{79BF2100-15CC-4FD4-A3E7-441420C9D494}.Debug|Any CPU.ActiveCfg = Debug|Any CPU
		{79BF2100-15CC-4FD4-A3E7-441420C9D494}.Debug|Any CPU.Build.0 = Debug|Any CPU
		{79BF2100-15CC-4FD4-A3E7-441420C9D494}.Release|Any CPU.ActiveCfg = Release|Any CPU
		{79BF2100-15CC-4FD4-A3E7-441420C9D494}.Release|Any CPU.Build.0 = Release|Any CPU
	EndGlobalSection
	GlobalSection(SolutionProperties) = preSolution
		HideSolutionNode = FALSE
	EndGlobalSection
	GlobalSection(ExtensibilityGlobals) = postSolution
		SolutionGuid = {A3A6E1C5-75E0-486C-93CF-F5475F05A088}
	EndGlobalSection
EndGlobal
